
Microsoft Visual Studio Solution File, Format Version 12.00
# Visual Studio Version 16
VisualStudioVersion = 16.0.30523.141
MinimumVisualStudioVersion = 10.0.40219.1
Project("{2150E333-8FDC-42A3-9474-1A3956D46DE8}") = "2. Aplicacion", "2. Aplicacion", "{4B9EF80D-E639-4B4B-B850-D77967F69D83}"
EndProject
Project("{2150E333-8FDC-42A3-9474-1A3956D46DE8}") = "2.3 Servicios de Escritura", "2.3 Servicios de Escritura", "{21065533-D998-4D1A-9164-8B3D36110655}"
EndProject
Project("{2150E333-8FDC-42A3-9474-1A3956D46DE8}") = "2.4 Dominio", "2.4 Dominio", "{30850FFC-0425-4F57-BD82-39C6A618791D}"
EndProject
Project("{2150E333-8FDC-42A3-9474-1A3956D46DE8}") = "2.5 Data", "2.5 Data", "{583B5A55-F2B1-47E6-A2C3-1670B505536D}"
EndProject
Project("{2150E333-8FDC-42A3-9474-1A3956D46DE8}") = "3. Common", "3. Common", "{EF877973-6543-4063-B922-B207A3A6E8D8}"
EndProject
Project("{FAE04EC0-301F-11D3-BF4B-00C04F79EFBC}") = "Web.Common", "common\Web.Common\Web.Common.csproj", "{75BF4063-06E1-4D68-987E-8B1C8148B733}"
EndProject
Project("{FAE04EC0-301F-11D3-BF4B-00C04F79EFBC}") = "Bootstrapper.Wcf.Common", "common\Bootstrapper.Wcf.Common\Bootstrapper.Wcf.Common.csproj", "{BFCCCFE6-E0B2-46DD-B7DD-029ED09E233B}"
EndProject
Project("{FAE04EC0-301F-11D3-BF4B-00C04F79EFBC}") = "Bootstrapper.Web.Common", "common\Bootstrapper.Web.Common\Bootstrapper.Web.Common.csproj", "{567C90FD-96AC-479A-8FC1-38F809281422}"
EndProject
Project("{FAE04EC0-301F-11D3-BF4B-00C04F79EFBC}") = "CommandContracts.Common", "common\CommandContracts.Common\CommandContracts.Common.csproj", "{36FC69E7-E42A-4067-8339-F2D24D1C3317}"
EndProject
Project("{FAE04EC0-301F-11D3-BF4B-00C04F79EFBC}") = "CommandHandlers.Common", "common\CommandHandlers.Common\CommandHandlers.Common.csproj", "{C29044A3-229C-465F-A735-A58BA658F834}"
EndProject
Project("{FAE04EC0-301F-11D3-BF4B-00C04F79EFBC}") = "Componentes.Common", "common\Componentes.Common\Componentes.Common.csproj", "{4241025F-7510-4F6B-85E0-93FAF0DEF80C}"
EndProject
Project("{FAE04EC0-301F-11D3-BF4B-00C04F79EFBC}") = "Data.Common", "common\Data.Common\Data.Common.csproj", "{E40586B8-DA89-41E5-888F-38AA6D7D9E58}"
EndProject
Project("{FAE04EC0-301F-11D3-BF4B-00C04F79EFBC}") = "DistributedServices.Common", "common\DistributedServices.Common\DistributedServices.Common.csproj", "{824F74E6-EA23-402C-B426-93C730D81EE2}"
EndProject
Project("{FAE04EC0-301F-11D3-BF4B-00C04F79EFBC}") = "Domain.Common", "common\Domain.Common\Domain.Common.csproj", "{4457E134-43E4-4C32-992E-600DC005AC26}"
EndProject
Project("{FAE04EC0-301F-11D3-BF4B-00C04F79EFBC}") = "Infraestructure.Common", "common\Infraestructure.Common\Infraestructure.Common.csproj", "{73458842-A8D2-4488-8EF0-DB3763D05CC2}"
EndProject
Project("{FAE04EC0-301F-11D3-BF4B-00C04F79EFBC}") = "QueryContracts.Common", "common\QueryContracts.Common\QueryContracts.Common.csproj", "{BFB51524-32B0-4478-A18B-47614662BF40}"
EndProject
Project("{FAE04EC0-301F-11D3-BF4B-00C04F79EFBC}") = "QueryHandlers.Common", "common\QueryHandlers.Common\QueryHandlers.Common.csproj", "{BFB18C30-8936-46E5-88EF-E5A1C81340C3}"
EndProject
Project("{FAE04EC0-301F-11D3-BF4B-00C04F79EFBC}") = "Seguridad.Common", "common\Seguridad.Common\Seguridad.Common.csproj", "{3B51A513-65F7-4255-9AE6-3BD035E2F616}"
EndProject
Project("{FAE04EC0-301F-11D3-BF4B-00C04F79EFBC}") = "ServiceAgents.Common", "common\ServiceAgents.Common\ServiceAgents.Common.csproj", "{9BE04C93-BD52-4677-A597-9A4E81CD93E9}"
EndProject
Project("{FAE04EC0-301F-11D3-BF4B-00C04F79EFBC}") = "WindowsService.Common", "common\WindowsService.Common\WindowsService.Common.csproj", "{CEC73337-84E4-47D2-9764-300937030CD3}"
EndProject
Project("{2150E333-8FDC-42A3-9474-1A3956D46DE8}") = "2.1 Servicios Distribuidos", "2.1 Servicios Distribuidos", "{6FF34D77-D515-40BA-B89E-FABFF018816F}"
EndProject
Project("{FAE04EC0-301F-11D3-BF4B-00C04F79EFBC}") = "Utilitario.Common", "Utilitario.Common\Utilitario.Common.csproj", "{362A514D-72B9-4ACC-8751-8A4C82D44AB6}"
EndProject
Project("{2150E333-8FDC-42A3-9474-1A3956D46DE8}") = "1. Clientes", "1. Clientes", "{C50917BD-BA69-437A-BC5B-43B41511694A}"
EndProject
Project("{2150E333-8FDC-42A3-9474-1A3956D46DE8}") = "1.1 Web", "1.1 Web", "{88BE6485-3D82-4CD0-B64E-EE0441757D4A}"
EndProject
Project("{2150E333-8FDC-42A3-9474-1A3956D46DE8}") = "1.2 Agentes de Servicio", "1.2 Agentes de Servicio", "{2CB42942-4E0F-4965-8F43-82A676BED7C8}"
EndProject
Project("{2150E333-8FDC-42A3-9474-1A3956D46DE8}") = "2.2 Servicio de Lectura", "2.2 Servicio de Lectura", "{F7BDB2B4-BC0F-4609-865F-95B33C35122B}"
EndProject
Project("{FAE04EC0-301F-11D3-BF4B-00C04F79EFBC}") = "Web.Xmarket", "web\Web.Xmarket\Web.Xmarket.csproj", "{BB843959-2C84-4BD2-90A7-E6CFEC43FD6C}"
EndProject
Project("{FAE04EC0-301F-11D3-BF4B-00C04F79EFBC}") = "ServiceAgents.Xmarket", "web\ServiceAgents.Xmarket\ServiceAgents.Xmarket.csproj", "{44761257-DC54-4C5A-A838-480B25D2E355}"
	ProjectSection(ProjectDependencies) = postProject
		{D1BDDD55-FE6B-485C-B30D-CD4610AE51F9} = {D1BDDD55-FE6B-485C-B30D-CD4610AE51F9}
	EndProjectSection
EndProject
Project("{FAE04EC0-301F-11D3-BF4B-00C04F79EFBC}") = "Services.Xmarket", "app\Services.Xmarket\Services.Xmarket.csproj", "{D1BDDD55-FE6B-485C-B30D-CD4610AE51F9}"
EndProject
Project("{FAE04EC0-301F-11D3-BF4B-00C04F79EFBC}") = "QueryContracts.Xmarket", "app\QueryContracts.Xmarket\QueryContracts.Xmarket.csproj", "{3358C0E5-E589-40DE-A476-6394BE9DF225}"
EndProject
Project("{FAE04EC0-301F-11D3-BF4B-00C04F79EFBC}") = "QueryHandlers.Xmarket", "app\QueryHandlers.Xmarket\QueryHandlers.Xmarket.csproj", "{BB004A92-7833-4648-95AE-F81E093A8252}"
EndProject
Project("{FAE04EC0-301F-11D3-BF4B-00C04F79EFBC}") = "CommandContracts.Xmarket", "app\CommandContracts.Xmarket\CommandContracts.Xmarket.csproj", "{15F436BE-8FA6-473D-967B-EFE40213C080}"
EndProject
Project("{FAE04EC0-301F-11D3-BF4B-00C04F79EFBC}") = "CommandHandlers.Xmarket", "app\CommandHandlers.Xmarket\CommandHandlers.Xmarket.csproj", "{D04A2545-B370-4F9C-935F-EAA1907B2BFD}"
EndProject
Project("{FAE04EC0-301F-11D3-BF4B-00C04F79EFBC}") = "Domain.Xmarket", "app\Domain.Xmarket\Domain.Xmarket.csproj", "{F4C106D2-14EC-4BB4-A317-5BCAABFCAA92}"
EndProject
Project("{FAE04EC0-301F-11D3-BF4B-00C04F79EFBC}") = "Data.Xmarket", "app\Data.Xmarket\Data.Xmarket.csproj", "{DD65FF16-9F53-44BC-B01A-4922D6E3B592}"
EndProject
Project("{FAE04EC0-301F-11D3-BF4B-00C04F79EFBC}") = "BaseCommon.Common", "CommonBackend\BaseCommon.Common.csproj", "{C7F2560A-A049-404B-AACB-5F57DF45B329}"
EndProject
Global
	GlobalSection(SolutionConfigurationPlatforms) = preSolution
		Debug|Any CPU = Debug|Any CPU
		Release|Any CPU = Release|Any CPU
	EndGlobalSection
	GlobalSection(ProjectConfigurationPlatforms) = postSolution
		{75BF4063-06E1-4D68-987E-8B1C8148B733}.Debug|Any CPU.ActiveCfg = Debug|Any CPU
		{75BF4063-06E1-4D68-987E-8B1C8148B733}.Debug|Any CPU.Build.0 = Debug|Any CPU
		{75BF4063-06E1-4D68-987E-8B1C8148B733}.Release|Any CPU.ActiveCfg = Release|Any CPU
		{75BF4063-06E1-4D68-987E-8B1C8148B733}.Release|Any CPU.Build.0 = Release|Any CPU
		{BFCCCFE6-E0B2-46DD-B7DD-029ED09E233B}.Debug|Any CPU.ActiveCfg = Debug|Any CPU
		{BFCCCFE6-E0B2-46DD-B7DD-029ED09E233B}.Debug|Any CPU.Build.0 = Debug|Any CPU
		{BFCCCFE6-E0B2-46DD-B7DD-029ED09E233B}.Release|Any CPU.ActiveCfg = Release|Any CPU
		{BFCCCFE6-E0B2-46DD-B7DD-029ED09E233B}.Release|Any CPU.Build.0 = Release|Any CPU
		{567C90FD-96AC-479A-8FC1-38F809281422}.Debug|Any CPU.ActiveCfg = Debug|Any CPU
		{567C90FD-96AC-479A-8FC1-38F809281422}.Debug|Any CPU.Build.0 = Debug|Any CPU
		{567C90FD-96AC-479A-8FC1-38F809281422}.Release|Any CPU.ActiveCfg = Release|Any CPU
		{567C90FD-96AC-479A-8FC1-38F809281422}.Release|Any CPU.Build.0 = Release|Any CPU
		{36FC69E7-E42A-4067-8339-F2D24D1C3317}.Debug|Any CPU.ActiveCfg = Debug|Any CPU
		{36FC69E7-E42A-4067-8339-F2D24D1C3317}.Debug|Any CPU.Build.0 = Debug|Any CPU
		{36FC69E7-E42A-4067-8339-F2D24D1C3317}.Release|Any CPU.ActiveCfg = Release|Any CPU
		{36FC69E7-E42A-4067-8339-F2D24D1C3317}.Release|Any CPU.Build.0 = Release|Any CPU
		{C29044A3-229C-465F-A735-A58BA658F834}.Debug|Any CPU.ActiveCfg = Debug|Any CPU
		{C29044A3-229C-465F-A735-A58BA658F834}.Debug|Any CPU.Build.0 = Debug|Any CPU
		{C29044A3-229C-465F-A735-A58BA658F834}.Release|Any CPU.ActiveCfg = Release|Any CPU
		{C29044A3-229C-465F-A735-A58BA658F834}.Release|Any CPU.Build.0 = Release|Any CPU
		{4241025F-7510-4F6B-85E0-93FAF0DEF80C}.Debug|Any CPU.ActiveCfg = Debug|Any CPU
		{4241025F-7510-4F6B-85E0-93FAF0DEF80C}.Debug|Any CPU.Build.0 = Debug|Any CPU
		{4241025F-7510-4F6B-85E0-93FAF0DEF80C}.Release|Any CPU.ActiveCfg = Release|Any CPU
		{4241025F-7510-4F6B-85E0-93FAF0DEF80C}.Release|Any CPU.Build.0 = Release|Any CPU
		{E40586B8-DA89-41E5-888F-38AA6D7D9E58}.Debug|Any CPU.ActiveCfg = Debug|Any CPU
		{E40586B8-DA89-41E5-888F-38AA6D7D9E58}.Debug|Any CPU.Build.0 = Debug|Any CPU
		{E40586B8-DA89-41E5-888F-38AA6D7D9E58}.Release|Any CPU.ActiveCfg = Release|Any CPU
		{E40586B8-DA89-41E5-888F-38AA6D7D9E58}.Release|Any CPU.Build.0 = Release|Any CPU
		{824F74E6-EA23-402C-B426-93C730D81EE2}.Debug|Any CPU.ActiveCfg = Debug|Any CPU
		{824F74E6-EA23-402C-B426-93C730D81EE2}.Debug|Any CPU.Build.0 = Debug|Any CPU
		{824F74E6-EA23-402C-B426-93C730D81EE2}.Release|Any CPU.ActiveCfg = Release|Any CPU
		{824F74E6-EA23-402C-B426-93C730D81EE2}.Release|Any CPU.Build.0 = Release|Any CPU
		{4457E134-43E4-4C32-992E-600DC005AC26}.Debug|Any CPU.ActiveCfg = Debug|Any CPU
		{4457E134-43E4-4C32-992E-600DC005AC26}.Debug|Any CPU.Build.0 = Debug|Any CPU
		{4457E134-43E4-4C32-992E-600DC005AC26}.Release|Any CPU.ActiveCfg = Release|Any CPU
		{4457E134-43E4-4C32-992E-600DC005AC26}.Release|Any CPU.Build.0 = Release|Any CPU
		{73458842-A8D2-4488-8EF0-DB3763D05CC2}.Debug|Any CPU.ActiveCfg = Debug|Any CPU
		{73458842-A8D2-4488-8EF0-DB3763D05CC2}.Debug|Any CPU.Build.0 = Debug|Any CPU
		{73458842-A8D2-4488-8EF0-DB3763D05CC2}.Release|Any CPU.ActiveCfg = Release|Any CPU
		{73458842-A8D2-4488-8EF0-DB3763D05CC2}.Release|Any CPU.Build.0 = Release|Any CPU
		{BFB51524-32B0-4478-A18B-47614662BF40}.Debug|Any CPU.ActiveCfg = Debug|Any CPU
		{BFB51524-32B0-4478-A18B-47614662BF40}.Debug|Any CPU.Build.0 = Debug|Any CPU
		{BFB51524-32B0-4478-A18B-47614662BF40}.Release|Any CPU.ActiveCfg = Release|Any CPU
		{BFB51524-32B0-4478-A18B-47614662BF40}.Release|Any CPU.Build.0 = Release|Any CPU
		{BFB18C30-8936-46E5-88EF-E5A1C81340C3}.Debug|Any CPU.ActiveCfg = Debug|Any CPU
		{BFB18C30-8936-46E5-88EF-E5A1C81340C3}.Debug|Any CPU.Build.0 = Debug|Any CPU
		{BFB18C30-8936-46E5-88EF-E5A1C81340C3}.Release|Any CPU.ActiveCfg = Release|Any CPU
		{BFB18C30-8936-46E5-88EF-E5A1C81340C3}.Release|Any CPU.Build.0 = Release|Any CPU
		{3B51A513-65F7-4255-9AE6-3BD035E2F616}.Debug|Any CPU.ActiveCfg = Debug|Any CPU
		{3B51A513-65F7-4255-9AE6-3BD035E2F616}.Debug|Any CPU.Build.0 = Debug|Any CPU
		{3B51A513-65F7-4255-9AE6-3BD035E2F616}.Release|Any CPU.ActiveCfg = Release|Any CPU
		{3B51A513-65F7-4255-9AE6-3BD035E2F616}.Release|Any CPU.Build.0 = Release|Any CPU
		{9BE04C93-BD52-4677-A597-9A4E81CD93E9}.Debug|Any CPU.ActiveCfg = Debug|Any CPU
		{9BE04C93-BD52-4677-A597-9A4E81CD93E9}.Debug|Any CPU.Build.0 = Debug|Any CPU
		{9BE04C93-BD52-4677-A597-9A4E81CD93E9}.Release|Any CPU.ActiveCfg = Release|Any CPU
		{9BE04C93-BD52-4677-A597-9A4E81CD93E9}.Release|Any CPU.Build.0 = Release|Any CPU
		{CEC73337-84E4-47D2-9764-300937030CD3}.Debug|Any CPU.ActiveCfg = Debug|Any CPU
		{CEC73337-84E4-47D2-9764-300937030CD3}.Debug|Any CPU.Build.0 = Debug|Any CPU
		{CEC73337-84E4-47D2-9764-300937030CD3}.Release|Any CPU.ActiveCfg = Release|Any CPU
		{CEC73337-84E4-47D2-9764-300937030CD3}.Release|Any CPU.Build.0 = Release|Any CPU
		{362A514D-72B9-4ACC-8751-8A4C82D44AB6}.Debug|Any CPU.ActiveCfg = Debug|Any CPU
		{362A514D-72B9-4ACC-8751-8A4C82D44AB6}.Debug|Any CPU.Build.0 = Debug|Any CPU
		{362A514D-72B9-4ACC-8751-8A4C82D44AB6}.Release|Any CPU.ActiveCfg = Release|Any CPU
		{362A514D-72B9-4ACC-8751-8A4C82D44AB6}.Release|Any CPU.Build.0 = Release|Any CPU
		{BB843959-2C84-4BD2-90A7-E6CFEC43FD6C}.Debug|Any CPU.ActiveCfg = Debug|Any CPU
		{BB843959-2C84-4BD2-90A7-E6CFEC43FD6C}.Debug|Any CPU.Build.0 = Debug|Any CPU
		{BB843959-2C84-4BD2-90A7-E6CFEC43FD6C}.Release|Any CPU.ActiveCfg = Release|Any CPU
		{BB843959-2C84-4BD2-90A7-E6CFEC43FD6C}.Release|Any CPU.Build.0 = Release|Any CPU
		{44761257-DC54-4C5A-A838-480B25D2E355}.Debug|Any CPU.ActiveCfg = Debug|Any CPU
		{44761257-DC54-4C5A-A838-480B25D2E355}.Debug|Any CPU.Build.0 = Debug|Any CPU
		{44761257-DC54-4C5A-A838-480B25D2E355}.Release|Any CPU.ActiveCfg = Release|Any CPU
		{44761257-DC54-4C5A-A838-480B25D2E355}.Release|Any CPU.Build.0 = Release|Any CPU
		{D1BDDD55-FE6B-485C-B30D-CD4610AE51F9}.Debug|Any CPU.ActiveCfg = Debug|Any CPU
		{D1BDDD55-FE6B-485C-B30D-CD4610AE51F9}.Debug|Any CPU.Build.0 = Debug|Any CPU
		{D1BDDD55-FE6B-485C-B30D-CD4610AE51F9}.Release|Any CPU.ActiveCfg = Release|Any CPU
		{D1BDDD55-FE6B-485C-B30D-CD4610AE51F9}.Release|Any CPU.Build.0 = Release|Any CPU
		{3358C0E5-E589-40DE-A476-6394BE9DF225}.Debug|Any CPU.ActiveCfg = Debug|Any CPU
		{3358C0E5-E589-40DE-A476-6394BE9DF225}.Debug|Any CPU.Build.0 = Debug|Any CPU
		{3358C0E5-E589-40DE-A476-6394BE9DF225}.Release|Any CPU.ActiveCfg = Release|Any CPU
		{3358C0E5-E589-40DE-A476-6394BE9DF225}.Release|Any CPU.Build.0 = Release|Any CPU
		{BB004A92-7833-4648-95AE-F81E093A8252}.Debug|Any CPU.ActiveCfg = Debug|Any CPU
		{BB004A92-7833-4648-95AE-F81E093A8252}.Debug|Any CPU.Build.0 = Debug|Any CPU
		{BB004A92-7833-4648-95AE-F81E093A8252}.Release|Any CPU.ActiveCfg = Release|Any CPU
		{BB004A92-7833-4648-95AE-F81E093A8252}.Release|Any CPU.Build.0 = Release|Any CPU
		{15F436BE-8FA6-473D-967B-EFE40213C080}.Debug|Any CPU.ActiveCfg = Debug|Any CPU
		{15F436BE-8FA6-473D-967B-EFE40213C080}.Debug|Any CPU.Build.0 = Debug|Any CPU
		{15F436BE-8FA6-473D-967B-EFE40213C080}.Release|Any CPU.ActiveCfg = Release|Any CPU
		{15F436BE-8FA6-473D-967B-EFE40213C080}.Release|Any CPU.Build.0 = Release|Any CPU
		{D04A2545-B370-4F9C-935F-EAA1907B2BFD}.Debug|Any CPU.ActiveCfg = Debug|Any CPU
		{D04A2545-B370-4F9C-935F-EAA1907B2BFD}.Debug|Any CPU.Build.0 = Debug|Any CPU
		{D04A2545-B370-4F9C-935F-EAA1907B2BFD}.Release|Any CPU.ActiveCfg = Release|Any CPU
		{D04A2545-B370-4F9C-935F-EAA1907B2BFD}.Release|Any CPU.Build.0 = Release|Any CPU
		{F4C106D2-14EC-4BB4-A317-5BCAABFCAA92}.Debug|Any CPU.ActiveCfg = Debug|Any CPU
		{F4C106D2-14EC-4BB4-A317-5BCAABFCAA92}.Debug|Any CPU.Build.0 = Debug|Any CPU
		{F4C106D2-14EC-4BB4-A317-5BCAABFCAA92}.Release|Any CPU.ActiveCfg = Release|Any CPU
		{F4C106D2-14EC-4BB4-A317-5BCAABFCAA92}.Release|Any CPU.Build.0 = Release|Any CPU
		{DD65FF16-9F53-44BC-B01A-4922D6E3B592}.Debug|Any CPU.ActiveCfg = Debug|Any CPU
		{DD65FF16-9F53-44BC-B01A-4922D6E3B592}.Debug|Any CPU.Build.0 = Debug|Any CPU
		{DD65FF16-9F53-44BC-B01A-4922D6E3B592}.Release|Any CPU.ActiveCfg = Release|Any CPU
		{DD65FF16-9F53-44BC-B01A-4922D6E3B592}.Release|Any CPU.Build.0 = Release|Any CPU
		{C7F2560A-A049-404B-AACB-5F57DF45B329}.Debug|Any CPU.ActiveCfg = Debug|Any CPU
		{C7F2560A-A049-404B-AACB-5F57DF45B329}.Debug|Any CPU.Build.0 = Debug|Any CPU
		{C7F2560A-A049-404B-AACB-5F57DF45B329}.Release|Any CPU.ActiveCfg = Release|Any CPU
		{C7F2560A-A049-404B-AACB-5F57DF45B329}.Release|Any CPU.Build.0 = Release|Any CPU
	EndGlobalSection
	GlobalSection(SolutionProperties) = preSolution
		HideSolutionNode = FALSE
	EndGlobalSection
	GlobalSection(NestedProjects) = preSolution
		{21065533-D998-4D1A-9164-8B3D36110655} = {4B9EF80D-E639-4B4B-B850-D77967F69D83}
		{30850FFC-0425-4F57-BD82-39C6A618791D} = {4B9EF80D-E639-4B4B-B850-D77967F69D83}
		{583B5A55-F2B1-47E6-A2C3-1670B505536D} = {4B9EF80D-E639-4B4B-B850-D77967F69D83}
		{75BF4063-06E1-4D68-987E-8B1C8148B733} = {EF877973-6543-4063-B922-B207A3A6E8D8}
		{BFCCCFE6-E0B2-46DD-B7DD-029ED09E233B} = {EF877973-6543-4063-B922-B207A3A6E8D8}
		{567C90FD-96AC-479A-8FC1-38F809281422} = {EF877973-6543-4063-B922-B207A3A6E8D8}
		{36FC69E7-E42A-4067-8339-F2D24D1C3317} = {EF877973-6543-4063-B922-B207A3A6E8D8}
		{C29044A3-229C-465F-A735-A58BA658F834} = {EF877973-6543-4063-B922-B207A3A6E8D8}
		{4241025F-7510-4F6B-85E0-93FAF0DEF80C} = {EF877973-6543-4063-B922-B207A3A6E8D8}
		{E40586B8-DA89-41E5-888F-38AA6D7D9E58} = {EF877973-6543-4063-B922-B207A3A6E8D8}
		{824F74E6-EA23-402C-B426-93C730D81EE2} = {EF877973-6543-4063-B922-B207A3A6E8D8}
		{4457E134-43E4-4C32-992E-600DC005AC26} = {EF877973-6543-4063-B922-B207A3A6E8D8}
		{73458842-A8D2-4488-8EF0-DB3763D05CC2} = {EF877973-6543-4063-B922-B207A3A6E8D8}
		{BFB51524-32B0-4478-A18B-47614662BF40} = {EF877973-6543-4063-B922-B207A3A6E8D8}
		{BFB18C30-8936-46E5-88EF-E5A1C81340C3} = {EF877973-6543-4063-B922-B207A3A6E8D8}
		{3B51A513-65F7-4255-9AE6-3BD035E2F616} = {EF877973-6543-4063-B922-B207A3A6E8D8}
		{9BE04C93-BD52-4677-A597-9A4E81CD93E9} = {EF877973-6543-4063-B922-B207A3A6E8D8}
		{CEC73337-84E4-47D2-9764-300937030CD3} = {EF877973-6543-4063-B922-B207A3A6E8D8}
		{6FF34D77-D515-40BA-B89E-FABFF018816F} = {4B9EF80D-E639-4B4B-B850-D77967F69D83}
		{362A514D-72B9-4ACC-8751-8A4C82D44AB6} = {EF877973-6543-4063-B922-B207A3A6E8D8}
		{88BE6485-3D82-4CD0-B64E-EE0441757D4A} = {C50917BD-BA69-437A-BC5B-43B41511694A}
		{2CB42942-4E0F-4965-8F43-82A676BED7C8} = {C50917BD-BA69-437A-BC5B-43B41511694A}
		{F7BDB2B4-BC0F-4609-865F-95B33C35122B} = {4B9EF80D-E639-4B4B-B850-D77967F69D83}
		{BB843959-2C84-4BD2-90A7-E6CFEC43FD6C} = {88BE6485-3D82-4CD0-B64E-EE0441757D4A}
		{44761257-DC54-4C5A-A838-480B25D2E355} = {2CB42942-4E0F-4965-8F43-82A676BED7C8}
		{D1BDDD55-FE6B-485C-B30D-CD4610AE51F9} = {6FF34D77-D515-40BA-B89E-FABFF018816F}
		{3358C0E5-E589-40DE-A476-6394BE9DF225} = {F7BDB2B4-BC0F-4609-865F-95B33C35122B}
		{BB004A92-7833-4648-95AE-F81E093A8252} = {F7BDB2B4-BC0F-4609-865F-95B33C35122B}
		{15F436BE-8FA6-473D-967B-EFE40213C080} = {21065533-D998-4D1A-9164-8B3D36110655}
		{D04A2545-B370-4F9C-935F-EAA1907B2BFD} = {21065533-D998-4D1A-9164-8B3D36110655}
		{F4C106D2-14EC-4BB4-A317-5BCAABFCAA92} = {30850FFC-0425-4F57-BD82-39C6A618791D}
		{DD65FF16-9F53-44BC-B01A-4922D6E3B592} = {583B5A55-F2B1-47E6-A2C3-1670B505536D}
		{C7F2560A-A049-404B-AACB-5F57DF45B329} = {EF877973-6543-4063-B922-B207A3A6E8D8}
	EndGlobalSection
	GlobalSection(ExtensibilityGlobals) = postSolution
		SolutionGuid = {0646473A-486C-437B-B4C7-FD1508EB04CA}
	EndGlobalSection
EndGlobal
